{
  "name": "trigonometry",
  "version": "1.0.0",
  "lockfileVersion": 3,
  "requires": true,
  "packages": {
    "": {
      "name": "trigonometry",
      "version": "1.0.0",
      "license": "ISC",
      "dependencies": {
        "trigonometry-calculator": "^2.0.0"
      }
    },
    "node_modules/degrees-radians": {
      "version": "1.0.3",
      "resolved": "https://registry.npmjs.org/degrees-radians/-/degrees-radians-1.0.3.tgz",
      "integrity": "sha512-Ac9inY6xtsBaVabYgiUVjYUhj0U3ojBm/5/zUHXqRW+8cJvgmu9AcXanfP2P+BWPk9w1EjJYtDS2y1Jx1sh3aQ==",
      "license": "MIT"
    },
    "node_modules/radians-degrees": {
      "version": "1.0.0",
      "resolved": "https://registry.npmjs.org/radians-degrees/-/radians-degrees-1.0.0.tgz",
      "integrity": "sha512-ZCtt05fnA/jFbHWlrejlCMwf9VKVgJynMySC8q4NmSyRzdIkl9rGu2i5pZecCpZA2prWbWIZisp6ixXeQuXmGw==",
      "license": "MIT",
      "engines": {
        "node": ">=0.10.0"
      }
    },
    "node_modules/trigonometry-calculator": {
      "version": "2.0.0",
      "resolved": "https://registry.npmjs.org/trigonometry-calculator/-/trigonometry-calculator-2.0.0.tgz",
      "integrity": "sha512-Rpq1gI3h5AEIcRLfqZ2gER0D5fNDMG64xQAt9bCIZaag/qm3lvGq5iv9PAWWT4a4hCMyMiHj0k9ZQwdhttZH1w==",
      "license": "MIT",
      "dependencies": {
        "trigonometry-equations": "^2.0.1"
      }
    },
    "node_modules/trigonometry-equations": {
      "version": "2.0.1",
      "resolved": "https://registry.npmjs.org/trigonometry-equations/-/trigonometry-equations-2.0.1.tgz",
      "integrity": "sha512-gnoew4Byfw/olOYOB5R+9TolqaDJlvIOiMzwzgDjeI70IGvGUZVMtcw6Dr9iYiqvbVZazRy7xRpjh1LoetoZkw==",
      "license": "MIT",
      "dependencies": {
        "degrees-radians": "^1.0.3",
        "radians-degrees": "^1.0.0"
      }
    }
  }
}
